
Microsoft Visual Studio Solution File, Format Version 12.00
# Visual Studio Version 16
VisualStudioVersion = 16.0.28803.156
MinimumVisualStudioVersion = 10.0.40219.1
Project("{FAE04EC0-301F-11D3-BF4B-00C04F79EFBC}") = "Finance Management", "Finance Management.csproj", "{597A9557-F2C7-4B2A-A3FF-4326EC667651}"
EndProject
Global
	GlobalSection(SolutionConfigurationPlatforms) = preSolution
		Debug|Any CPU = Debug|Any CPU
		Release|Any CPU = Release|Any CPU
	EndGlobalSection
	GlobalSection(ProjectConfigurationPlatforms) = postSolution
		{597A9557-F2C7-4B2A-A3FF-4326EC667651}.Debug|Any CPU.ActiveCfg = Debug|Any CPU
		{597A9557-F2C7-4B2A-A3FF-4326EC667651}.Debug|Any CPU.Build.0 = Debug|Any CPU
		{597A9557-F2C7-4B2A-A3FF-4326EC667651}.Release|Any CPU.ActiveCfg = Release|Any CPU
		{597A9557-F2C7-4B2A-A3FF-4326EC667651}.Release|Any CPU.Build.0 = Release|Any CPU
	EndGlobalSection
	GlobalSection(SolutionProperties) = preSolution
		HideSolutionNode = FALSE
	EndGlobalSection
	GlobalSection(ExtensibilityGlobals) = postSolution
		SolutionGuid = {5FF91337-7A47-44BE-8847-66D2022E6970}
	EndGlobalSection
EndGlobal
